
Microsoft Visual Studio Solution File, Format Version 12.00
# Visual Studio Version 17
VisualStudioVersion = 17.8.34330.188
MinimumVisualStudioVersion = 10.0.40219.1
Project("{888888A0-9F3D-457C-B088-3A5042F75D52}") = "CIS261 Country", "CIS261 Country.pyproj", "{0C833F2A-FDFA-4F96-AC2F-BFAD1F7150F6}"
EndProject
Global
	GlobalSection(SolutionConfigurationPlatforms) = preSolution
		Debug|Any CPU = Debug|Any CPU
		Release|Any CPU = Release|Any CPU
	EndGlobalSection
	GlobalSection(ProjectConfigurationPlatforms) = postSolution
		{0C833F2A-FDFA-4F96-AC2F-BFAD1F7150F6}.Debug|Any CPU.ActiveCfg = Debug|Any CPU
		{0C833F2A-FDFA-4F96-AC2F-BFAD1F7150F6}.Release|Any CPU.ActiveCfg = Release|Any CPU
	EndGlobalSection
	GlobalSection(SolutionProperties) = preSolution
		HideSolutionNode = FALSE
	EndGlobalSection
	GlobalSection(ExtensibilityGlobals) = postSolution
		SolutionGuid = {369F65D4-29BB-46E9-B39C-97D2485B7CB2}
	EndGlobalSection
EndGlobal
